<?xml version="1.0" encoding="utf-8"?>
<Project ToolsVersion="4.0" xmlns="http://schemas.microsoft.com/developer/msbuild/2003">
  <ItemGroup>
    <Filter Include="资源文件">
      <UniqueIdentifier>{67DA6AB6-F800-4c08-8B7A-83BB121AAD01}</UniqueIdentifier>
      <Extensions>rc;ico;cur;bmp;dlg;rc2;rct;bin;rgs;gif;jpg;jpeg;jpe;resx;tiff;tif;png;wav;mfcribbon-ms</Extensions>
    </Filter>
    <Filter Include="include">
      <UniqueIdentifier>{93995380-89BD-4b04-88EB-625FBE52EBFB}</UniqueIdentifier>
      <Extensions>h;hh;hpp;hxx;h++;hm;inl;inc;ipp;xsd</Extensions>
    </Filter>
    <Filter Include="include\grub">
      <UniqueIdentifier>{a8252f3f-a815-48e9-8260-39697f53e8ab}</UniqueIdentifier>
    </Filter>
    <Filter Include="src">
      <UniqueIdentifier>{4FC737F1-C7A5-4376-A066-2A32D752A2FF}</UniqueIdentifier>
      <Extensions>cpp;c;cc;cxx;c++;cppm;ixx;def;odl;idl;hpj;bat;asm;asmx</Extensions>
    </Filter>
    <Filter Include="src\grub">
      <UniqueIdentifier>{38ce74fc-fcae-48fc-9136-10a3b4b19ba1}</UniqueIdentifier>
    </Filter>
    <Filter Include="src\grub\kern">
      <UniqueIdentifier>{3a74309d-92cc-4d07-b094-11815f634653}</UniqueIdentifier>
    </Filter>
    <Filter Include="src\grub\disk">
      <UniqueIdentifier>{85564073-457a-4c37-a5a9-b62da9941889}</UniqueIdentifier>
    </Filter>
    <Filter Include="src\grub\fs">
      <UniqueIdentifier>{b3abd20a-8551-4b98-8a64-f4656a40349f}</UniqueIdentifier>
    </Filter>
    <Filter Include="src\grub\partmap">
      <UniqueIdentifier>{f8ce84c5-3145-4e25-9ebe-12afa5b6329c}</UniqueIdentifier>
    </Filter>
    <Filter Include="资源文件\icons">
      <UniqueIdentifier>{bebaa4b3-39e6-4a98-a20e-0fb3cbf4a94e}</UniqueIdentifier>
    </Filter>
    <Filter Include="src\grub\io">
      <UniqueIdentifier>{25ff8e27-f337-42c9-8fd4-b461bc6c7b92}</UniqueIdentifier>
    </Filter>
    <Filter Include="src\grub\lib">
      <UniqueIdentifier>{b0ba73fd-f7d5-417b-adaf-0ed1adcd7816}</UniqueIdentifier>
    </Filter>
    <Filter Include="src\grub\lib\minilzo">
      <UniqueIdentifier>{cab47211-446f-4b11-b14e-bc6e953194f7}</UniqueIdentifier>
    </Filter>
    <Filter Include="src\grub\lib\xzembed">
      <UniqueIdentifier>{41ba9cd0-b0b8-4f0a-951b-d8d51140d7cd}</UniqueIdentifier>
    </Filter>
    <Filter Include="src\grub\lib\zstd">
      <UniqueIdentifier>{d8ad6457-9d8f-44ba-9376-b3a1659e8ca4}</UniqueIdentifier>
    </Filter>
    <Filter Include="include\grub\lib">
      <UniqueIdentifier>{83ea934f-fcb5-4adb-8b34-ae0b5e438093}</UniqueIdentifier>
    </Filter>
    <Filter Include="include\grub\zfs">
      <UniqueIdentifier>{c53f8dd1-66de-42ed-b00e-543643644c7e}</UniqueIdentifier>
    </Filter>
    <Filter Include="src\grub\fs\zfs">
      <UniqueIdentifier>{31a9cffd-028c-4163-bdff-fd00360d46f1}</UniqueIdentifier>
    </Filter>
    <Filter Include="src\grub\lib\libgcrypt">
      <UniqueIdentifier>{73d0ed8c-e899-464e-a4cc-38c5e00c2262}</UniqueIdentifier>
    </Filter>
    <Filter Include="src\grub\lib\miniz">
      <UniqueIdentifier>{c966402d-021b-4271-bece-e6979792b135}</UniqueIdentifier>
    </Filter>
    <Filter Include="src\grub\lib\lz4">
      <UniqueIdentifier>{0eb07815-5c0f-46e9-86c6-3a864a6262d1}</UniqueIdentifier>
    </Filter>
    <Filter Include="src\grub\lib\vbox">
      <UniqueIdentifier>{7af9ba94-be77-49b0-8469-ba7762266f5a}</UniqueIdentifier>
    </Filter>
    <Filter Include="src\grub\lib\mscompress">
      <UniqueIdentifier>{75ab00ce-00c8-48a2-8beb-f84331271edc}</UniqueIdentifier>
    </Filter>
  </ItemGroup>
  <ItemGroup>
    <ClCompile Include="main.c">
      <Filter>src</Filter>
    </ClCompile>
    <ClCompile Include="nuklear.c">
      <Filter>src</Filter>
    </ClCompile>
    <ClCompile Include="nkctx.c">
      <Filter>src</Filter>
    </ClCompile>
    <ClCompile Include="grub\kern\list.c">
      <Filter>src\grub\kern</Filter>
    </ClCompile>
    <ClCompile Include="grub\kern\mm.c">
      <Filter>src\grub\kern</Filter>
    </ClCompile>
    <ClCompile Include="grub\kern\err.c">
      <Filter>src\grub\kern</Filter>
    </ClCompile>
    <ClCompile Include="grub\kern\misc.c">
      <Filter>src\grub\kern</Filter>
    </ClCompile>
    <ClCompile Include="grub\kern\time.c">
      <Filter>src\grub\kern</Filter>
    </ClCompile>
    <ClCompile Include="grub\kern\disk.c">
      <Filter>src\grub\kern</Filter>
    </ClCompile>
    <ClCompile Include="grub\kern\partition.c">
      <Filter>src\grub\kern</Filter>
    </ClCompile>
    <ClCompile Include="grub\kern\fs.c">
      <Filter>src\grub\kern</Filter>
    </ClCompile>
    <ClCompile Include="grub\kern\file.c">
      <Filter>src\grub\kern</Filter>
    </ClCompile>
    <ClCompile Include="grub\disk\diskfilter.c">
      <Filter>src\grub\disk</Filter>
    </ClCompile>
    <ClCompile Include="grub\disk\windisk.c">
      <Filter>src\grub\disk</Filter>
    </ClCompile>
    <ClCompile Include="grub\disk\dmraid_nvidia.c">
      <Filter>src\grub\disk</Filter>
    </ClCompile>
    <ClCompile Include="grub\fs\fshelp.c">
      <Filter>src\grub\fs</Filter>
    </ClCompile>
    <ClCompile Include="grub\fs\archelp.c">
      <Filter>src\grub\fs</Filter>
    </ClCompile>
    <ClCompile Include="grub\fs\proc.c">
      <Filter>src\grub\fs</Filter>
    </ClCompile>
    <ClCompile Include="grub\kern\dl.c">
      <Filter>src\grub\kern</Filter>
    </ClCompile>
    <ClCompile Include="grub\partmap\acorn.c">
      <Filter>src\grub\partmap</Filter>
    </ClCompile>
    <ClCompile Include="grub\partmap\amiga.c">
      <Filter>src\grub\partmap</Filter>
    </ClCompile>
    <ClCompile Include="grub\partmap\apple.c">
      <Filter>src\grub\partmap</Filter>
    </ClCompile>
    <ClCompile Include="grub\partmap\msdos.c">
      <Filter>src\grub\partmap</Filter>
    </ClCompile>
    <ClCompile Include="grub\partmap\bsdlabel.c">
      <Filter>src\grub\partmap</Filter>
    </ClCompile>
    <ClCompile Include="grub\partmap\dfly.c">
      <Filter>src\grub\partmap</Filter>
    </ClCompile>
    <ClCompile Include="grub\partmap\dvh.c">
      <Filter>src\grub\partmap</Filter>
    </ClCompile>
    <ClCompile Include="grub\partmap\gpt.c">
      <Filter>src\grub\partmap</Filter>
    </ClCompile>
    <ClCompile Include="grub\partmap\plan.c">
      <Filter>src\grub\partmap</Filter>
    </ClCompile>
    <ClCompile Include="grub\partmap\sun.c">
      <Filter>src\grub\partmap</Filter>
    </ClCompile>
    <ClCompile Include="grub\partmap\sunpc.c">
      <Filter>src\grub\partmap</Filter>
    </ClCompile>
    <ClCompile Include="grub\disk\ldm.c">
      <Filter>src\grub\disk</Filter>
    </ClCompile>
    <ClCompile Include="grub\disk\lvm.c">
      <Filter>src\grub\disk</Filter>
    </ClCompile>
    <ClCompile Include="grub\disk\mdraid_linux.c">
      <Filter>src\grub\disk</Filter>
    </ClCompile>
    <ClCompile Include="grub\disk\mdraid_linux_be.c">
      <Filter>src\grub\disk</Filter>
    </ClCompile>
    <ClCompile Include="grub\disk\mdraid1x_linux.c">
      <Filter>src\grub\disk</Filter>
    </ClCompile>
    <ClCompile Include="grub\fs\exfat.c">
      <Filter>src\grub\fs</Filter>
    </ClCompile>
    <ClCompile Include="grub\fs\fat.c">
      <Filter>src\grub\fs</Filter>
    </ClCompile>
    <ClCompile Include="grub\fs\ntfs.c">
      <Filter>src\grub\fs</Filter>
    </ClCompile>
    <ClCompile Include="grub\fs\ntfscomp.c">
      <Filter>src\grub\fs</Filter>
    </ClCompile>
    <ClCompile Include="fm.c">
      <Filter>src</Filter>
    </ClCompile>
    <ClCompile Include="enum_disk.c">
      <Filter>src</Filter>
    </ClCompile>
    <ClCompile Include="enum_file.c">
      <Filter>src</Filter>
    </ClCompile>
    <ClCompile Include="grub\fs\fbfs.c">
      <Filter>src\grub\fs</Filter>
    </ClCompile>
    <ClCompile Include="grub\fs\cpio.c">
      <Filter>src\grub\fs</Filter>
    </ClCompile>
    <ClCompile Include="grub\fs\cpio_be.c">
      <Filter>src\grub\fs</Filter>
    </ClCompile>
    <ClCompile Include="grub\fs\cpio_common.c">
      <Filter>src\grub\fs</Filter>
    </ClCompile>
    <ClCompile Include="grub\fs\newc.c">
      <Filter>src\grub\fs</Filter>
    </ClCompile>
    <ClCompile Include="grub\fs\tar.c">
      <Filter>src\grub\fs</Filter>
    </ClCompile>
    <ClCompile Include="grub\fs\affs.c">
      <Filter>src\grub\fs</Filter>
    </ClCompile>
    <ClCompile Include="grub\fs\afs.c">
      <Filter>src\grub\fs</Filter>
    </ClCompile>
    <ClCompile Include="grub\fs\bfs.c">
      <Filter>src\grub\fs</Filter>
    </ClCompile>
    <ClCompile Include="grub\fs\ext2.c">
      <Filter>src\grub\fs</Filter>
    </ClCompile>
    <ClCompile Include="grub\fs\f2fs.c">
      <Filter>src\grub\fs</Filter>
    </ClCompile>
    <ClCompile Include="grub\fs\hfs.c">
      <Filter>src\grub\fs</Filter>
    </ClCompile>
    <ClCompile Include="grub\fs\hfsplus.c">
      <Filter>src\grub\fs</Filter>
    </ClCompile>
    <ClCompile Include="grub\io\bufio.c">
      <Filter>src\grub\io</Filter>
    </ClCompile>
    <ClCompile Include="grub\io\offset.c">
      <Filter>src\grub\io</Filter>
    </ClCompile>
    <ClCompile Include="grub\io\gzio.c">
      <Filter>src\grub\io</Filter>
    </ClCompile>
    <ClCompile Include="grub\fs\hfspluscomp.c">
      <Filter>src\grub\fs</Filter>
    </ClCompile>
    <ClCompile Include="hash_file.c">
      <Filter>src</Filter>
    </ClCompile>
    <ClCompile Include="grub\fs\iso9660.c">
      <Filter>src\grub\fs</Filter>
    </ClCompile>
    <ClCompile Include="grub\fs\udf.c">
      <Filter>src\grub\fs</Filter>
    </ClCompile>
    <ClCompile Include="grub\lib\charset.c">
      <Filter>src\grub\lib</Filter>
    </ClCompile>
    <ClCompile Include="grub\lib\progress.c">
      <Filter>src\grub\lib</Filter>
    </ClCompile>
    <ClCompile Include="grub\lib\minilzo\minilzo.c">
      <Filter>src\grub\lib\minilzo</Filter>
    </ClCompile>
    <ClCompile Include="grub\io\lzopio.c">
      <Filter>src\grub\io</Filter>
    </ClCompile>
    <ClCompile Include="grub\lib\xzembed\xz_dec_bcj.c">
      <Filter>src\grub\lib\xzembed</Filter>
    </ClCompile>
    <ClCompile Include="grub\lib\xzembed\xz_dec_lzma2.c">
      <Filter>src\grub\lib\xzembed</Filter>
    </ClCompile>
    <ClCompile Include="grub\lib\xzembed\xz_dec_stream.c">
      <Filter>src\grub\lib\xzembed</Filter>
    </ClCompile>
    <ClCompile Include="grub\io\xzio.c">
      <Filter>src\grub\io</Filter>
    </ClCompile>
    <ClCompile Include="grub\io\zstd.c">
      <Filter>src\grub\io</Filter>
    </ClCompile>
    <ClCompile Include="grub\fs\btrfs.c">
      <Filter>src\grub\fs</Filter>
    </ClCompile>
    <ClCompile Include="grub\disk\raid5_recover.c">
      <Filter>src\grub\disk</Filter>
    </ClCompile>
    <ClCompile Include="grub\disk\raid6_recover.c">
      <Filter>src\grub\disk</Filter>
    </ClCompile>
    <ClCompile Include="grub\fs\jfs.c">
      <Filter>src\grub\fs</Filter>
    </ClCompile>
    <ClCompile Include="grub\fs\xfs.c">
      <Filter>src\grub\fs</Filter>
    </ClCompile>
    <ClCompile Include="grub\fs\minix.c">
      <Filter>src\grub\fs</Filter>
    </ClCompile>
    <ClCompile Include="grub\fs\minix_be.c">
      <Filter>src\grub\fs</Filter>
    </ClCompile>
    <ClCompile Include="grub\fs\minix2.c">
      <Filter>src\grub\fs</Filter>
    </ClCompile>
    <ClCompile Include="grub\fs\minix2_be.c">
      <Filter>src\grub\fs</Filter>
    </ClCompile>
    <ClCompile Include="grub\fs\minix3.c">
      <Filter>src\grub\fs</Filter>
    </ClCompile>
    <ClCompile Include="grub\fs\minix3_be.c">
      <Filter>src\grub\fs</Filter>
    </ClCompile>
    <ClCompile Include="grub\fs\nilfs2.c">
      <Filter>src\grub\fs</Filter>
    </ClCompile>
    <ClCompile Include="grub\fs\odc.c">
      <Filter>src\grub\fs</Filter>
    </ClCompile>
    <ClCompile Include="grub\fs\reiserfs.c">
      <Filter>src\grub\fs</Filter>
    </ClCompile>
    <ClCompile Include="grub\fs\romfs.c">
      <Filter>src\grub\fs</Filter>
    </ClCompile>
    <ClCompile Include="grub\fs\sfs.c">
      <Filter>src\grub\fs</Filter>
    </ClCompile>
    <ClCompile Include="grub\fs\ufs.c">
      <Filter>src\grub\fs</Filter>
    </ClCompile>
    <ClCompile Include="grub\fs\ufs_be.c">
      <Filter>src\grub\fs</Filter>
    </ClCompile>
    <ClCompile Include="grub\fs\ufs2.c">
      <Filter>src\grub\fs</Filter>
    </ClCompile>
    <ClCompile Include="grub\fs\squash4.c">
      <Filter>src\grub\fs</Filter>
    </ClCompile>
    <ClCompile Include="grub\fs\zfs\zfs.c">
      <Filter>src\grub\fs\zfs</Filter>
    </ClCompile>
    <ClCompile Include="grub\fs\zfs\zfs_fletcher.c">
      <Filter>src\grub\fs\zfs</Filter>
    </ClCompile>
    <ClCompile Include="grub\fs\zfs\zfs_lz4.c">
      <Filter>src\grub\fs\zfs</Filter>
    </ClCompile>
    <ClCompile Include="grub\fs\zfs\zfs_lzjb.c">
      <Filter>src\grub\fs\zfs</Filter>
    </ClCompile>
    <ClCompile Include="grub\fs\zfs\zfs_sha256.c">
      <Filter>src\grub\fs\zfs</Filter>
    </ClCompile>
    <ClCompile Include="grub\lib\adler32.c">
      <Filter>src\grub\lib</Filter>
    </ClCompile>
    <ClCompile Include="grub\lib\crc.c">
      <Filter>src\grub\lib</Filter>
    </ClCompile>
    <ClCompile Include="grub\lib\crypto.c">
      <Filter>src\grub\lib</Filter>
    </ClCompile>
    <ClCompile Include="grub\lib\libgcrypt\gcry_crc.c">
      <Filter>src\grub\lib\libgcrypt</Filter>
    </ClCompile>
    <ClCompile Include="grub\lib\libgcrypt\gcry_md5.c">
      <Filter>src\grub\lib\libgcrypt</Filter>
    </ClCompile>
    <ClCompile Include="grub\lib\libgcrypt\gcry_sha1.c">
      <Filter>src\grub\lib\libgcrypt</Filter>
    </ClCompile>
    <ClCompile Include="grub\lib\libgcrypt\gcry_sha256.c">
      <Filter>src\grub\lib\libgcrypt</Filter>
    </ClCompile>
    <ClCompile Include="grub\lib\crc64.c">
      <Filter>src\grub\lib</Filter>
    </ClCompile>
    <ClCompile Include="grub\disk\loopback.c">
      <Filter>src\grub\disk</Filter>
    </ClCompile>
    <ClCompile Include="mount_file.c">
      <Filter>src</Filter>
    </ClCompile>
    <ClCompile Include="disk_info.c">
      <Filter>src</Filter>
    </ClCompile>
    <ClCompile Include="grub\lib\LzmaDec.c">
      <Filter>src\grub\lib</Filter>
    </ClCompile>
    <ClCompile Include="grub\io\lzma.c">
      <Filter>src\grub\io</Filter>
    </ClCompile>
    <ClCompile Include="grub\fs\lynxfs.c">
      <Filter>src\grub\fs</Filter>
    </ClCompile>
    <ClCompile Include="grub\fs\qnx4.c">
      <Filter>src\grub\fs</Filter>
    </ClCompile>
    <ClCompile Include="grub\fs\qnx6.c">
      <Filter>src\grub\fs</Filter>
    </ClCompile>
    <ClCompile Include="extract_file.c">
      <Filter>src</Filter>
    </ClCompile>
    <ClCompile Include="grub\lib\miniz\miniz.c">
      <Filter>src\grub\lib\miniz</Filter>
    </ClCompile>
    <ClCompile Include="grub\fs\zip.c">
      <Filter>src\grub\fs</Filter>
    </ClCompile>
    <ClCompile Include="grub\lib\lz4\lz4_decompress.c">
      <Filter>src\grub\lib\lz4</Filter>
    </ClCompile>
    <ClCompile Include="grub\fs\erofs.c">
      <Filter>src\grub\fs</Filter>
    </ClCompile>
    <ClCompile Include="hex_view.c">
      <Filter>src</Filter>
    </ClCompile>
    <ClCompile Include="img_view.c">
      <Filter>src</Filter>
    </ClCompile>
    <ClCompile Include="grub\io\vhd.c">
      <Filter>src\grub\io</Filter>
    </ClCompile>
    <ClCompile Include="grub\io\vhdx.c">
      <Filter>src\grub\io</Filter>
    </ClCompile>
    <ClCompile Include="grub\lib\vbox\vbox.c">
      <Filter>src\grub\lib\vbox</Filter>
    </ClCompile>
    <ClCompile Include="grub\io\lz4io.c">
      <Filter>src\grub\io</Filter>
    </ClCompile>
    <ClCompile Include="lang.c">
      <Filter>src</Filter>
    </ClCompile>
    <ClCompile Include="grub\lib\mscompress\huffman.c">
      <Filter>src\grub\lib\mscompress</Filter>
    </ClCompile>
    <ClCompile Include="grub\lib\mscompress\lzx.c">
      <Filter>src\grub\lib\mscompress</Filter>
    </ClCompile>
    <ClCompile Include="grub\lib\mscompress\xpress.c">
      <Filter>src\grub\lib\mscompress</Filter>
    </ClCompile>
    <ClCompile Include="grub\fs\wim.c">
      <Filter>src\grub\fs</Filter>
    </ClCompile>
    <ClCompile Include="grub\lib\zstd\common\debug.c">
      <Filter>src\grub\lib\zstd</Filter>
    </ClCompile>
    <ClCompile Include="grub\lib\zstd\common\entropy_common.c">
      <Filter>src\grub\lib\zstd</Filter>
    </ClCompile>
    <ClCompile Include="grub\lib\zstd\common\error_private.c">
      <Filter>src\grub\lib\zstd</Filter>
    </ClCompile>
    <ClCompile Include="grub\lib\zstd\common\fse_decompress.c">
      <Filter>src\grub\lib\zstd</Filter>
    </ClCompile>
    <ClCompile Include="grub\lib\zstd\common\pool.c">
      <Filter>src\grub\lib\zstd</Filter>
    </ClCompile>
    <ClCompile Include="grub\lib\zstd\common\xxhash.c">
      <Filter>src\grub\lib\zstd</Filter>
    </ClCompile>
    <ClCompile Include="grub\lib\zstd\common\zstd_common.c">
      <Filter>src\grub\lib\zstd</Filter>
    </ClCompile>
    <ClCompile Include="grub\lib\zstd\decompress\huf_decompress.c">
      <Filter>src\grub\lib\zstd</Filter>
    </ClCompile>
    <ClCompile Include="grub\lib\zstd\decompress\zstd_ddict.c">
      <Filter>src\grub\lib\zstd</Filter>
    </ClCompile>
    <ClCompile Include="grub\lib\zstd\decompress\zstd_decompress.c">
      <Filter>src\grub\lib\zstd</Filter>
    </ClCompile>
    <ClCompile Include="grub\lib\zstd\decompress\zstd_decompress_block.c">
      <Filter>src\grub\lib\zstd</Filter>
    </ClCompile>
    <ClCompile Include="grub\fs\zfs\zfs_zstd.c">
      <Filter>src\grub\fs\zfs</Filter>
    </ClCompile>
    <ClCompile Include="grub\lib\datetime.c">
      <Filter>src\grub\lib</Filter>
    </ClCompile>
  </ItemGroup>
  <ItemGroup>
    <ResourceCompile Include="nuklear.rc">
      <Filter>资源文件</Filter>
    </ResourceCompile>
  </ItemGroup>
  <ItemGroup>
    <Image Include="nuklear.ico">
      <Filter>资源文件</Filter>
    </Image>
    <Image Include="icons\arc.png">
      <Filter>资源文件\icons</Filter>
    </Image>
    <Image Include="icons\bin.png">
      <Filter>资源文件\icons</Filter>
    </Image>
    <Image Include="icons\cd.png">
      <Filter>资源文件\icons</Filter>
    </Image>
    <Image Include="icons\copy.png">
      <Filter>资源文件\icons</Filter>
    </Image>
    <Image Include="icons\dir.png">
      <Filter>资源文件\icons</Filter>
    </Image>
    <Image Include="icons\doc.png">
      <Filter>资源文件\icons</Filter>
    </Image>
    <Image Include="icons\empty.png">
      <Filter>资源文件\icons</Filter>
    </Image>
    <Image Include="icons\error.png">
      <Filter>资源文件\icons</Filter>
    </Image>
    <Image Include="icons\fdd.png">
      <Filter>资源文件\icons</Filter>
    </Image>
    <Image Include="icons\file.png">
      <Filter>资源文件\icons</Filter>
    </Image>
    <Image Include="icons\font.png">
      <Filter>资源文件\icons</Filter>
    </Image>
    <Image Include="icons\fw.png">
      <Filter>资源文件\icons</Filter>
    </Image>
    <Image Include="icons\hdd.png">
      <Filter>资源文件\icons</Filter>
    </Image>
    <Image Include="icons\image.png">
      <Filter>资源文件\icons</Filter>
    </Image>
    <Image Include="icons\iso.png">
      <Filter>资源文件\icons</Filter>
    </Image>
    <Image Include="icons\link.png">
      <Filter>资源文件\icons</Filter>
    </Image>
    <Image Include="icons\lock.png">
      <Filter>资源文件\icons</Filter>
    </Image>
    <Image Include="icons\music.png">
      <Filter>资源文件\icons</Filter>
    </Image>
    <Image Include="icons\ok.png">
      <Filter>资源文件\icons</Filter>
    </Image>
    <Image Include="icons\pc.png">
      <Filter>资源文件\icons</Filter>
    </Image>
    <Image Include="icons\pdf.png">
      <Filter>资源文件\icons</Filter>
    </Image>
    <Image Include="icons\refresh.png">
      <Filter>资源文件\icons</Filter>
    </Image>
    <Image Include="icons\rm.png">
      <Filter>资源文件\icons</Filter>
    </Image>
    <Image Include="icons\settings.png">
      <Filter>资源文件\icons</Filter>
    </Image>
    <Image Include="icons\txt.png">
      <Filter>资源文件\icons</Filter>
    </Image>
    <Image Include="icons\unknown.png">
      <Filter>资源文件\icons</Filter>
    </Image>
    <Image Include="icons\unlock.png">
      <Filter>资源文件\icons</Filter>
    </Image>
    <Image Include="icons\up.png">
      <Filter>资源文件\icons</Filter>
    </Image>
    <Image Include="icons\video.png">
      <Filter>资源文件\icons</Filter>
    </Image>
    <Image Include="icons\win.png">
      <Filter>资源文件\icons</Filter>
    </Image>
    <Image Include="icons\net.png">
      <Filter>资源文件\icons</Filter>
    </Image>
    <Image Include="icons\server.png">
      <Filter>资源文件\icons</Filter>
    </Image>
  </ItemGroup>
  <ItemGroup>
    <None Include="packages.config" />
    <None Include="README.md" />
    <None Include="grub\lib\zstd\decompress\huf_decompress_amd64.S">
      <Filter>src\grub\lib\zstd</Filter>
    </None>
  </ItemGroup>
  <ItemGroup>
    <ClInclude Include="include\nkctx.h">
      <Filter>include</Filter>
    </ClInclude>
    <ClInclude Include="include\nuklear.h">
      <Filter>include</Filter>
    </ClInclude>
    <ClInclude Include="include\nuklear_gdip.h">
      <Filter>include</Filter>
    </ClInclude>
    <ClInclude Include="include\resource.h">
      <Filter>include</Filter>
    </ClInclude>
    <ClInclude Include="include\version.h">
      <Filter>include</Filter>
    </ClInclude>
    <ClInclude Include="include\grub\list.h">
      <Filter>include\grub</Filter>
    </ClInclude>
    <ClInclude Include="include\grub\misc.h">
      <Filter>include\grub</Filter>
    </ClInclude>
    <ClInclude Include="include\grub\mm.h">
      <Filter>include\grub</Filter>
    </ClInclude>
    <ClInclude Include="include\grub\symbol.h">
      <Filter>include\grub</Filter>
    </ClInclude>
    <ClInclude Include="include\grub\types.h">
      <Filter>include\grub</Filter>
    </ClInclude>
    <ClInclude Include="include\config.h">
      <Filter>include</Filter>
    </ClInclude>
    <ClInclude Include="include\grub\err.h">
      <Filter>include\grub</Filter>
    </ClInclude>
    <ClInclude Include="include\grub\charset.h">
      <Filter>include\grub</Filter>
    </ClInclude>
    <ClInclude Include="include\grub\time.h">
      <Filter>include\grub</Filter>
    </ClInclude>
    <ClInclude Include="include\grub\datetime.h">
      <Filter>include\grub</Filter>
    </ClInclude>
    <ClInclude Include="include\grub\disk.h">
      <Filter>include\grub</Filter>
    </ClInclude>
    <ClInclude Include="include\grub\partition.h">
      <Filter>include\grub</Filter>
    </ClInclude>
    <ClInclude Include="include\grub\fs.h">
      <Filter>include\grub</Filter>
    </ClInclude>
    <ClInclude Include="include\grub\file.h">
      <Filter>include\grub</Filter>
    </ClInclude>
    <ClInclude Include="include\grub\diskfilter.h">
      <Filter>include\grub</Filter>
    </ClInclude>
    <ClInclude Include="include\grub\fshelp.h">
      <Filter>include\grub</Filter>
    </ClInclude>
    <ClInclude Include="include\grub\archelp.h">
      <Filter>include\grub</Filter>
    </ClInclude>
    <ClInclude Include="include\dl.h">
      <Filter>include</Filter>
    </ClInclude>
    <ClInclude Include="include\grub\acorn_filecore.h">
      <Filter>include\grub</Filter>
    </ClInclude>
    <ClInclude Include="include\grub\bsdlabel.h">
      <Filter>include\grub</Filter>
    </ClInclude>
    <ClInclude Include="include\grub\gpt_partition.h">
      <Filter>include\grub</Filter>
    </ClInclude>
    <ClInclude Include="include\grub\msdos_partition.h">
      <Filter>include\grub</Filter>
    </ClInclude>
    <ClInclude Include="include\grub\procfs.h">
      <Filter>include\grub</Filter>
    </ClInclude>
    <ClInclude Include="include\grub\safemath.h">
      <Filter>include\grub</Filter>
    </ClInclude>
    <ClInclude Include="include\grub\lvm.h">
      <Filter>include\grub</Filter>
    </ClInclude>
    <ClInclude Include="include\grub\exfat.h">
      <Filter>include\grub</Filter>
    </ClInclude>
    <ClInclude Include="include\grub\fat.h">
      <Filter>include\grub</Filter>
    </ClInclude>
    <ClInclude Include="include\grub\ntfs.h">
      <Filter>include\grub</Filter>
    </ClInclude>
    <ClInclude Include="include\grub\fbfs.h">
      <Filter>include\grub</Filter>
    </ClInclude>
    <ClInclude Include="include\grub\hfs.h">
      <Filter>include\grub</Filter>
    </ClInclude>
    <ClInclude Include="include\grub\hfsplus.h">
      <Filter>include\grub</Filter>
    </ClInclude>
    <ClInclude Include="include\grub\bufio.h">
      <Filter>include\grub</Filter>
    </ClInclude>
    <ClInclude Include="include\grub\deflate.h">
      <Filter>include\grub</Filter>
    </ClInclude>
    <ClInclude Include="include\grub\crypto.h">
      <Filter>include\grub</Filter>
    </ClInclude>
    <ClInclude Include="include\grub\udf.h">
      <Filter>include\grub</Filter>
    </ClInclude>
    <ClInclude Include="grub\lib\minilzo\lzoconf.h">
      <Filter>src\grub\lib\minilzo</Filter>
    </ClInclude>
    <ClInclude Include="grub\lib\minilzo\lzodefs.h">
      <Filter>src\grub\lib\minilzo</Filter>
    </ClInclude>
    <ClInclude Include="grub\lib\minilzo\minilzo.h">
      <Filter>src\grub\lib\minilzo</Filter>
    </ClInclude>
    <ClInclude Include="grub\lib\xzembed\xz.h">
      <Filter>src\grub\lib\xzembed</Filter>
    </ClInclude>
    <ClInclude Include="grub\lib\xzembed\xz_config.h">
      <Filter>src\grub\lib\xzembed</Filter>
    </ClInclude>
    <ClInclude Include="grub\lib\xzembed\xz_lzma2.h">
      <Filter>src\grub\lib\xzembed</Filter>
    </ClInclude>
    <ClInclude Include="grub\lib\xzembed\xz_private.h">
      <Filter>src\grub\lib\xzembed</Filter>
    </ClInclude>
    <ClInclude Include="grub\lib\xzembed\xz_stream.h">
      <Filter>src\grub\lib\xzembed</Filter>
    </ClInclude>
    <ClInclude Include="include\grub\btrfs.h">
      <Filter>include\grub</Filter>
    </ClInclude>
    <ClInclude Include="include\grub\lib\crc.h">
      <Filter>include\grub\lib</Filter>
    </ClInclude>
    <ClInclude Include="include\grub\zfs\dmu.h">
      <Filter>include\grub\zfs</Filter>
    </ClInclude>
    <ClInclude Include="include\grub\zfs\dmu_objset.h">
      <Filter>include\grub\zfs</Filter>
    </ClInclude>
    <ClInclude Include="include\grub\zfs\dnode.h">
      <Filter>include\grub\zfs</Filter>
    </ClInclude>
    <ClInclude Include="include\grub\zfs\dsl_dataset.h">
      <Filter>include\grub\zfs</Filter>
    </ClInclude>
    <ClInclude Include="include\grub\zfs\dsl_dir.h">
      <Filter>include\grub\zfs</Filter>
    </ClInclude>
    <ClInclude Include="include\grub\zfs\sa_impl.h">
      <Filter>include\grub\zfs</Filter>
    </ClInclude>
    <ClInclude Include="include\grub\zfs\spa.h">
      <Filter>include\grub\zfs</Filter>
    </ClInclude>
    <ClInclude Include="include\grub\zfs\uberblock_impl.h">
      <Filter>include\grub\zfs</Filter>
    </ClInclude>
    <ClInclude Include="include\grub\zfs\vdev_impl.h">
      <Filter>include\grub\zfs</Filter>
    </ClInclude>
    <ClInclude Include="include\grub\zfs\zap_impl.h">
      <Filter>include\grub\zfs</Filter>
    </ClInclude>
    <ClInclude Include="include\grub\zfs\zap_leaf.h">
      <Filter>include\grub\zfs</Filter>
    </ClInclude>
    <ClInclude Include="include\grub\zfs\zfs.h">
      <Filter>include\grub\zfs</Filter>
    </ClInclude>
    <ClInclude Include="include\grub\zfs\zfs_acl.h">
      <Filter>include\grub\zfs</Filter>
    </ClInclude>
    <ClInclude Include="include\grub\zfs\zfs_znode.h">
      <Filter>include\grub\zfs</Filter>
    </ClInclude>
    <ClInclude Include="include\grub\zfs\zil.h">
      <Filter>include\grub\zfs</Filter>
    </ClInclude>
    <ClInclude Include="include\grub\zfs\zio.h">
      <Filter>include\grub\zfs</Filter>
    </ClInclude>
    <ClInclude Include="include\grub\zfs\zio_checksum.h">
      <Filter>include\grub\zfs</Filter>
    </ClInclude>
    <ClInclude Include="grub\lib\libgcrypt\gcry_wrap.h">
      <Filter>src\grub\lib\libgcrypt</Filter>
    </ClInclude>
    <ClInclude Include="include\loopback.h">
      <Filter>include</Filter>
    </ClInclude>
    <ClInclude Include="include\grub\lib\LzmaDec.h">
      <Filter>include\grub\lib</Filter>
    </ClInclude>
    <ClInclude Include="include\grub\lib\LzmaTypes.h">
      <Filter>include\grub\lib</Filter>
    </ClInclude>
    <ClInclude Include="grub\lib\miniz\miniz.h">
      <Filter>src\grub\lib\miniz</Filter>
    </ClInclude>
    <ClInclude Include="grub\lib\lz4\lz4_decompress.h">
      <Filter>src\grub\lib\lz4</Filter>
    </ClInclude>
    <ClInclude Include="grub\lib\vbox\vbox.h">
      <Filter>src\grub\lib\vbox</Filter>
    </ClInclude>
    <ClInclude Include="include\lang.h">
      <Filter>include</Filter>
    </ClInclude>
    <ClInclude Include="grub\lib\mscompress\mscompress.h">
      <Filter>src\grub\lib\mscompress</Filter>
    </ClInclude>
    <ClInclude Include="grub\lib\zstd\zdict.h">
      <Filter>src\grub\lib\zstd</Filter>
    </ClInclude>
    <ClInclude Include="grub\lib\zstd\zstd.h">
      <Filter>src\grub\lib\zstd</Filter>
    </ClInclude>
    <ClInclude Include="grub\lib\zstd\zstd_errors.h">
      <Filter>src\grub\lib\zstd</Filter>
    </ClInclude>
    <ClInclude Include="grub\lib\zstd\common\allocations.h">
      <Filter>src\grub\lib\zstd</Filter>
    </ClInclude>
    <ClInclude Include="grub\lib\zstd\common\bits.h">
      <Filter>src\grub\lib\zstd</Filter>
    </ClInclude>
    <ClInclude Include="grub\lib\zstd\common\bitstream.h">
      <Filter>src\grub\lib\zstd</Filter>
    </ClInclude>
    <ClInclude Include="grub\lib\zstd\common\compiler.h">
      <Filter>src\grub\lib\zstd</Filter>
    </ClInclude>
    <ClInclude Include="grub\lib\zstd\common\cpu.h">
      <Filter>src\grub\lib\zstd</Filter>
    </ClInclude>
    <ClInclude Include="grub\lib\zstd\common\debug.h">
      <Filter>src\grub\lib\zstd</Filter>
    </ClInclude>
    <ClInclude Include="grub\lib\zstd\common\error_private.h">
      <Filter>src\grub\lib\zstd</Filter>
    </ClInclude>
    <ClInclude Include="grub\lib\zstd\common\fse.h">
      <Filter>src\grub\lib\zstd</Filter>
    </ClInclude>
    <ClInclude Include="grub\lib\zstd\common\huf.h">
      <Filter>src\grub\lib\zstd</Filter>
    </ClInclude>
    <ClInclude Include="grub\lib\zstd\common\mem.h">
      <Filter>src\grub\lib\zstd</Filter>
    </ClInclude>
    <ClInclude Include="grub\lib\zstd\common\pool.h">
      <Filter>src\grub\lib\zstd</Filter>
    </ClInclude>
    <ClInclude Include="grub\lib\zstd\common\portability_macros.h">
      <Filter>src\grub\lib\zstd</Filter>
    </ClInclude>
    <ClInclude Include="grub\lib\zstd\common\xxhash.h">
      <Filter>src\grub\lib\zstd</Filter>
    </ClInclude>
    <ClInclude Include="grub\lib\zstd\common\zstd_deps.h">
      <Filter>src\grub\lib\zstd</Filter>
    </ClInclude>
    <ClInclude Include="grub\lib\zstd\common\zstd_internal.h">
      <Filter>src\grub\lib\zstd</Filter>
    </ClInclude>
    <ClInclude Include="grub\lib\zstd\common\zstd_trace.h">
      <Filter>src\grub\lib\zstd</Filter>
    </ClInclude>
    <ClInclude Include="grub\lib\zstd\decompress\zstd_ddict.h">
      <Filter>src\grub\lib\zstd</Filter>
    </ClInclude>
    <ClInclude Include="grub\lib\zstd\decompress\zstd_decompress_block.h">
      <Filter>src\grub\lib\zstd</Filter>
    </ClInclude>
    <ClInclude Include="grub\lib\zstd\decompress\zstd_decompress_internal.h">
      <Filter>src\grub\lib\zstd</Filter>
    </ClInclude>
  </ItemGroup>
</Project>